
Microsoft Visual Studio Solution File, Format Version 12.00
# Visual Studio 15
VisualStudioVersion = 15.0.27130.2036
MinimumVisualStudioVersion = 10.0.40219.1
Project("{FAE04EC0-301F-11D3-BF4B-00C04F79EFBC}") = "DEV-6", "DEV-6.csproj", "{ADC62711-FC5E-4BFF-AC9B-81246D146AAE}"
EndProject
Global
	GlobalSection(SolutionConfigurationPlatforms) = preSolution
		Debug|Any CPU = Debug|Any CPU
		Release|Any CPU = Release|Any CPU
	EndGlobalSection
	GlobalSection(ProjectConfigurationPlatforms) = postSolution
		{ADC62711-FC5E-4BFF-AC9B-81246D146AAE}.Debug|Any CPU.ActiveCfg = Debug|Any CPU
		{ADC62711-FC5E-4BFF-AC9B-81246D146AAE}.Debug|Any CPU.Build.0 = Debug|Any CPU
		{ADC62711-FC5E-4BFF-AC9B-81246D146AAE}.Release|Any CPU.ActiveCfg = Release|Any CPU
		{ADC62711-FC5E-4BFF-AC9B-81246D146AAE}.Release|Any CPU.Build.0 = Release|Any CPU
	EndGlobalSection
	GlobalSection(SolutionProperties) = preSolution
		HideSolutionNode = FALSE
	EndGlobalSection
	GlobalSection(ExtensibilityGlobals) = postSolution
		SolutionGuid = {D90BC6A0-22A6-4A2F-87E9-B28D899A8393}
	EndGlobalSection
EndGlobal
