
Microsoft Visual Studio Solution File, Format Version 12.00
# Visual Studio 15
VisualStudioVersion = 15.0.27130.2036
MinimumVisualStudioVersion = 10.0.40219.1
Project("{FAE04EC0-301F-11D3-BF4B-00C04F79EFBC}") = "task_DEV-1", "task_DEV-1.csproj", "{298EF99A-F918-4DE4-AE48-E79C455F74E7}"
EndProject
Global
	GlobalSection(SolutionConfigurationPlatforms) = preSolution
		Debug|Any CPU = Debug|Any CPU
		Release|Any CPU = Release|Any CPU
	EndGlobalSection
	GlobalSection(ProjectConfigurationPlatforms) = postSolution
		{298EF99A-F918-4DE4-AE48-E79C455F74E7}.Debug|Any CPU.ActiveCfg = Debug|Any CPU
		{298EF99A-F918-4DE4-AE48-E79C455F74E7}.Debug|Any CPU.Build.0 = Debug|Any CPU
		{298EF99A-F918-4DE4-AE48-E79C455F74E7}.Release|Any CPU.ActiveCfg = Release|Any CPU
		{298EF99A-F918-4DE4-AE48-E79C455F74E7}.Release|Any CPU.Build.0 = Release|Any CPU
	EndGlobalSection
	GlobalSection(SolutionProperties) = preSolution
		HideSolutionNode = FALSE
	EndGlobalSection
	GlobalSection(ExtensibilityGlobals) = postSolution
		SolutionGuid = {15D2BE47-577B-43B7-B5F7-B33CACA97C3A}
	EndGlobalSection
EndGlobal
